PODS:
  - AFNetworking (4.0.1):
    - AFNetworking/NSURLSession (= 4.0.1)
    - AFNetworking/Reachability (= 4.0.1)
    - AFNetworking/Security (= 4.0.1)
    - AFNetworking/Serialization (= 4.0.1)
    - AFNetworking/UIKit (= 4.0.1)
  - AFNetworking/NSURLSession (4.0.1):
    - AFNetworking/Reachability
    - AFNetworking/Security
    - AFNetworking/Serialization
  - AFNetworking/Reachability (4.0.1)
  - AFNetworking/Security (4.0.1)
  - AFNetworking/Serialization (4.0.1)
  - AFNetworking/UIKit (4.0.1):
    - AFNetworking/NSURLSession
  - JSONModel (1.8.0)
  - Mockingjay (2.0.1):
    - Mockingjay/Core (= 2.0.1)
    - Mockingjay/XCTest (= 2.0.1)
  - Mockingjay/Core (2.0.1):
    - URITemplate (~> 2.0)
  - Mockingjay/XCTest (2.0.1):
    - Mockingjay/Core
  - Nimble (8.1.2)
  - Quick (2.2.1)
  - SwiftLint (0.43.1)
  - URITemplate (2.0.3)

DEPENDENCIES:
  - AFNetworking (~> 4.0.0)
  - JSONModel (~> 1.8.0)
  - Mockingjay
  - Nimble (~> 8.0)
  - Quick (~> 2.0)
  - SwiftLint

SPEC REPOS:
  trunk:
    - AFNetworking
    - JSONModel
    - Mockingjay
    - Nimble
    - Quick
    - SwiftLint
    - URITemplate

SPEC CHECKSUMS:
  AFNetworking: 7864c38297c79aaca1500c33288e429c3451fdce
  JSONModel: 02ab723958366a3fd27da57ea2af2113658762e9
  Mockingjay: 11a621880d2887f1775bdcf824341eb68f218450
  Nimble: 3864815b4703c7ebffba875973c70e854489fbae
  Quick: f5754d69b7013f5864c29aab9ae6f0c79c5bc200
  SwiftLint: 99f82d07b837b942dd563c668de129a03fc3fb52
  URITemplate: ace0c4c46dcf8afe6e89b4060621852886b15c3b

PODFILE CHECKSUM: e35cb5100678904f3ad825a90f3ce0e6c11307a5

COCOAPODS: 1.10.1
