// !$*UTF8*$!
{
	archiveVersion = 1;
	classes = {
	};
	objectVersion = 46;
	objects = {

/* Begin PBXAggregateTarget section */
		30F984A622771915006DF6C4 /* OCLint */ = {
			isa = PBXAggregateTarget;
			buildConfigurationList = 30F984A722771915006DF6C4 /* Build configuration list for PBXAggregateTarget "OCLint" */;
			buildPhases = (
				30F984AA22771933006DF6C4 /* ShellScript */,
			);
			dependencies = (
			);
			name = OCLint;
			productName = OCLint;
		};
/* End PBXAggregateTarget section */

/* Begin PBXBuildFile section */
		1243B65F24C72E70007298CF /* VSDKAppView.h in Headers */ = {isa = PBXBuildFile; fileRef = 1243B65D24C72E6F007298CF /* VSDKAppView.h */; settings = {ATTRIBUTES = (Public, ); }; };
		1243B66024C72E70007298CF /* VSDKAppView.m in Sources */ = {isa = PBXBuildFile; fileRef = 1243B65E24C72E6F007298CF /* VSDKAppView.m */; };
		12FA833624E59C9A00C32D0F /* TrackingEventsTests.swift in Sources */ = {isa = PBXBuildFile; fileRef = 12FA833524E59C9A00C32D0F /* TrackingEventsTests.swift */; };
		303572D724CB588100280AC2 /* VSDKOrderPlace.h in Headers */ = {isa = PBXBuildFile; fileRef = 303572D524CB588100280AC2 /* VSDKOrderPlace.h */; settings = {ATTRIBUTES = (Public, ); }; };
		303572D824CB588100280AC2 /* VSDKOrderPlace.m in Sources */ = {isa = PBXBuildFile; fileRef = 303572D624CB588100280AC2 /* VSDKOrderPlace.m */; };
		303572DB24CB5B2900280AC2 /* VSDKLineItem.h in Headers */ = {isa = PBXBuildFile; fileRef = 303572D924CB5B2900280AC2 /* VSDKLineItem.h */; settings = {ATTRIBUTES = (Public, ); }; };
		303572DC24CB5B2900280AC2 /* VSDKLineItem.m in Sources */ = {isa = PBXBuildFile; fileRef = 303572DA24CB5B2900280AC2 /* VSDKLineItem.m */; };
		303572DF24CB5B7E00280AC2 /* VSDKOrder.h in Headers */ = {isa = PBXBuildFile; fileRef = 303572DD24CB5B7E00280AC2 /* VSDKOrder.h */; settings = {ATTRIBUTES = (Public, ); }; };
		303572E024CB5B7E00280AC2 /* VSDKOrder.m in Sources */ = {isa = PBXBuildFile; fileRef = 303572DE24CB5B7E00280AC2 /* VSDKOrder.m */; };
		304FEFA22254B8AB00ECF86E /* VSDKVelocidi.h in Headers */ = {isa = PBXBuildFile; fileRef = 304FEFA02254B8AB00ECF86E /* VSDKVelocidi.h */; settings = {ATTRIBUTES = (Public, ); }; };
		304FEFA32254B8AB00ECF86E /* VSDKVelodici.m in Sources */ = {isa = PBXBuildFile; fileRef = 304FEFA12254B8AB00ECF86E /* VSDKVelodici.m */; };
		305A32AF24CF2CA80004F499 /* VSDKDiscount.h in Headers */ = {isa = PBXBuildFile; fileRef = 305A32AD24CF2CA80004F499 /* VSDKDiscount.h */; settings = {ATTRIBUTES = (Public, ); }; };
		305A32B024CF2CA80004F499 /* VSDKDiscount.m in Sources */ = {isa = PBXBuildFile; fileRef = 305A32AE24CF2CA80004F499 /* VSDKDiscount.m */; };
		305D1AA2225643F70016EF25 /* VSDKTrackingEvent.h in Headers */ = {isa = PBXBuildFile; fileRef = 305D1AA0225643F70016EF25 /* VSDKTrackingEvent.h */; settings = {ATTRIBUTES = (Public, ); }; };
		305D1AA62256452C0016EF25 /* VSDKPageView.h in Headers */ = {isa = PBXBuildFile; fileRef = 305D1AA42256452C0016EF25 /* VSDKPageView.h */; settings = {ATTRIBUTES = (Public, ); }; };
		305D1AA72256452C0016EF25 /* VSDKPageView.m in Sources */ = {isa = PBXBuildFile; fileRef = 305D1AA52256452C0016EF25 /* VSDKPageView.m */; };
		305D1AAA225645C70016EF25 /* VSDKSearch.h in Headers */ = {isa = PBXBuildFile; fileRef = 305D1AA8225645C70016EF25 /* VSDKSearch.h */; settings = {ATTRIBUTES = (Public, ); }; };
		305D1AAB225645C70016EF25 /* VSDKSearch.m in Sources */ = {isa = PBXBuildFile; fileRef = 305D1AA9225645C70016EF25 /* VSDKSearch.m */; };
		305D1AAE225646600016EF25 /* VSDKProductImpression.h in Headers */ = {isa = PBXBuildFile; fileRef = 305D1AAC225646600016EF25 /* VSDKProductImpression.h */; settings = {ATTRIBUTES = (Public, ); }; };
		305D1AAF225646600016EF25 /* VSDKProductImpression.m in Sources */ = {isa = PBXBuildFile; fileRef = 305D1AAD225646600016EF25 /* VSDKProductImpression.m */; };
		305D1AB2225646F30016EF25 /* VSDKProduct.h in Headers */ = {isa = PBXBuildFile; fileRef = 305D1AB0225646F30016EF25 /* VSDKProduct.h */; settings = {ATTRIBUTES = (Public, ); }; };
		305D1AB3225646F30016EF25 /* VSDKProduct.m in Sources */ = {isa = PBXBuildFile; fileRef = 305D1AB1225646F30016EF25 /* VSDKProduct.m */; };
		305D1AB622564AE20016EF25 /* VSDKProductClick.h in Headers */ = {isa = PBXBuildFile; fileRef = 305D1AB422564AE20016EF25 /* VSDKProductClick.h */; settings = {ATTRIBUTES = (Public, ); }; };
		305D1AB722564AE20016EF25 /* VSDKProductClick.m in Sources */ = {isa = PBXBuildFile; fileRef = 305D1AB522564AE20016EF25 /* VSDKProductClick.m */; };
		305D1ABA22564C950016EF25 /* VSDKProductView.h in Headers */ = {isa = PBXBuildFile; fileRef = 305D1AB822564C950016EF25 /* VSDKProductView.h */; settings = {ATTRIBUTES = (Public, ); }; };
		305D1ABB22564C950016EF25 /* VSDKProductView.m in Sources */ = {isa = PBXBuildFile; fileRef = 305D1AB922564C950016EF25 /* VSDKProductView.m */; };
		305D1ABE22564DB10016EF25 /* VSDKProductViewDetails.h in Headers */ = {isa = PBXBuildFile; fileRef = 305D1ABC22564DB10016EF25 /* VSDKProductViewDetails.h */; settings = {ATTRIBUTES = (Public, ); }; };
		305D1ABF22564DB10016EF25 /* VSDKProductViewDetails.m in Sources */ = {isa = PBXBuildFile; fileRef = 305D1ABD22564DB10016EF25 /* VSDKProductViewDetails.m */; };
		305D1AC22256548F0016EF25 /* VSDKProductCustomization.h in Headers */ = {isa = PBXBuildFile; fileRef = 305D1AC02256548F0016EF25 /* VSDKProductCustomization.h */; settings = {ATTRIBUTES = (Public, ); }; };
		305D1AC32256548F0016EF25 /* VSDKProductCustomization.m in Sources */ = {isa = PBXBuildFile; fileRef = 305D1AC12256548F0016EF25 /* VSDKProductCustomization.m */; };
		305D1AC6225656110016EF25 /* VSDKAddToCart.h in Headers */ = {isa = PBXBuildFile; fileRef = 305D1AC4225656110016EF25 /* VSDKAddToCart.h */; settings = {ATTRIBUTES = (Public, ); }; };
		305D1AC7225656110016EF25 /* VSDKAddToCart.m in Sources */ = {isa = PBXBuildFile; fileRef = 305D1AC5225656110016EF25 /* VSDKAddToCart.m */; };
		305D1ACA225657A70016EF25 /* VSDKRemoveFromCart.h in Headers */ = {isa = PBXBuildFile; fileRef = 305D1AC8225657A70016EF25 /* VSDKRemoveFromCart.h */; settings = {ATTRIBUTES = (Public, ); }; };
		305D1ACB225657A70016EF25 /* VSDKRemoveFromCart.m in Sources */ = {isa = PBXBuildFile; fileRef = 305D1AC9225657A70016EF25 /* VSDKRemoveFromCart.m */; };
		307325D1225BAAC0005CEB7D /* VSDKTrackingEvent.m in Sources */ = {isa = PBXBuildFile; fileRef = 307325D0225BAAC0005CEB7D /* VSDKTrackingEvent.m */; };
		308A7369225E297D00E1ADA8 /* VSDKRequest.h in Headers */ = {isa = PBXBuildFile; fileRef = 308A7367225E297D00E1ADA8 /* VSDKRequest.h */; settings = {ATTRIBUTES = (Public, ); }; };
		308A736A225E297D00E1ADA8 /* VSDKRequest.m in Sources */ = {isa = PBXBuildFile; fileRef = 308A7368225E297D00E1ADA8 /* VSDKRequest.m */; };
		309FA3E222730BAC00709155 /* VSDKUserId.h in Headers */ = {isa = PBXBuildFile; fileRef = 309FA3E022730BAC00709155 /* VSDKUserId.h */; settings = {ATTRIBUTES = (Public, ); }; };
		309FA3E322730BAC00709155 /* VSDKUserId.m in Sources */ = {isa = PBXBuildFile; fileRef = 309FA3E122730BAC00709155 /* VSDKUserId.m */; };
		309FA3E6227319E500709155 /* VSDKTrackingRequest.h in Headers */ = {isa = PBXBuildFile; fileRef = 309FA3E4227319E500709155 /* VSDKTrackingRequest.h */; settings = {ATTRIBUTES = (Public, ); }; };
		309FA3E7227319E500709155 /* VSDKTrackingRequest.m in Sources */ = {isa = PBXBuildFile; fileRef = 309FA3E5227319E500709155 /* VSDKTrackingRequest.m */; };
		309FA3EB2273248E00709155 /* VSDKMatchRequest.h in Headers */ = {isa = PBXBuildFile; fileRef = 309FA3E92273248E00709155 /* VSDKMatchRequest.h */; settings = {ATTRIBUTES = (Public, ); }; };
		309FA3EC2273248E00709155 /* VSDKMatchRequest.m in Sources */ = {isa = PBXBuildFile; fileRef = 309FA3EA2273248E00709155 /* VSDKMatchRequest.m */; };
		30B6142D2260D64E007774B4 /* VSDKUtil.h in Headers */ = {isa = PBXBuildFile; fileRef = 30B6142C2260D64E007774B4 /* VSDKUtil.h */; settings = {ATTRIBUTES = (Public, ); }; };
		30B68A082260D40800226C76 /* VSDKUtil.m in Sources */ = {isa = PBXBuildFile; fileRef = 30B68A062260D40800226C76 /* VSDKUtil.m */; };
		30C566E1225B9465006CE923 /* VSDKProductFeedback.h in Headers */ = {isa = PBXBuildFile; fileRef = 30C566DF225B9465006CE923 /* VSDKProductFeedback.h */; settings = {ATTRIBUTES = (Public, ); }; };
		30C566E2225B9465006CE923 /* VSDKProductFeedback.m in Sources */ = {isa = PBXBuildFile; fileRef = 30C566E0225B9465006CE923 /* VSDKProductFeedback.m */; };
		30F0CC7F22773DBE0063BAB9 /* VSDKGlobalVariables.h in Headers */ = {isa = PBXBuildFile; fileRef = 30F0CC7E22773DBE0063BAB9 /* VSDKGlobalVariables.h */; settings = {ATTRIBUTES = (Public, ); }; };
		30F3A0072264DE7000D9380B /* VelocidiTests.swift in Sources */ = {isa = PBXBuildFile; fileRef = 30F3A0062264DE7000D9380B /* VelocidiTests.swift */; };
		30F3A00C2264E13300D9380B /* SanityTests.m in Sources */ = {isa = PBXBuildFile; fileRef = 30F3A00B2264E13300D9380B /* SanityTests.m */; };
		30FA30702267341A00BF442A /* UtilTests.swift in Sources */ = {isa = PBXBuildFile; fileRef = 30FA306F2267341A00BF442A /* UtilTests.swift */; };
		30FA30722267731800BF442A /* RequestsTests.swift in Sources */ = {isa = PBXBuildFile; fileRef = 30FA30712267731800BF442A /* RequestsTests.swift */; };
		A1A09C4C2539A1F3003E0BD9 /* VSDKIdfaUtil.h in Headers */ = {isa = PBXBuildFile; fileRef = A1A09C4B2539A1F3003E0BD9 /* VSDKIdfaUtil.h */; settings = {ATTRIBUTES = (Public, ); }; };
		A1A09C502539ADBE003E0BD9 /* VSDKIdfaUtil.m in Sources */ = {isa = PBXBuildFile; fileRef = A1A09C4F2539ADBE003E0BD9 /* VSDKIdfaUtil.m */; };
		A1B22C072535B00100EA675E /* Podfile in Resources */ = {isa = PBXBuildFile; fileRef = A1B22C052535B00100EA675E /* Podfile */; };
		A1B22C082535B00100EA675E /* Podfile.lock in Resources */ = {isa = PBXBuildFile; fileRef = A1B22C062535B00100EA675E /* Podfile.lock */; };
		A1B22C0A2535B1BA00EA675E /* VelocidiSDK.podspec in Resources */ = {isa = PBXBuildFile; fileRef = A1B22C092535B1BA00EA675E /* VelocidiSDK.podspec */; };
		B1432122A6977BF83A62AC30 /* VelocidiSDK.h in Headers */ = {isa = PBXBuildFile; fileRef = B143269D9047D62CF45FC4FA /* VelocidiSDK.h */; settings = {ATTRIBUTES = (Public, ); }; };
		B14323273B9913A8741D9373 /* VSDKConfig.h in Headers */ = {isa = PBXBuildFile; fileRef = B14327F8581E7874D34E17F5 /* VSDKConfig.h */; settings = {ATTRIBUTES = (Public, ); }; };
		B1432AE2322D92448290169D /* VSDKConfig.m in Sources */ = {isa = PBXBuildFile; fileRef = B1432D25BEDD0A937B6E5215 /* VSDKConfig.m */; };
		B1432B96384334E26B758963 /* VSDKCustomization.h in Headers */ = {isa = PBXBuildFile; fileRef = B14328D0589594344160CA2B /* VSDKCustomization.h */; settings = {ATTRIBUTES = (Public, ); }; };
		B1432DB1072F282A77DE0A43 /* VSDKCustomization.m in Sources */ = {isa = PBXBuildFile; fileRef = B1432638FA1DE1C69342CB97 /* VSDKCustomization.m */; };
		B1432EE9A95A6808C0F4ECA2 /* VelocidiSDK.framework in Frameworks */ = {isa = PBXBuildFile; fileRef = B14322053369E2F8B07BD704 /* VelocidiSDK.framework */; };
		DCE7262915C324595AEDB1E1 /* Pods_VelocidiSDK.framework in Frameworks */ = {isa = PBXBuildFile; fileRef = 9C2E910D22B0038EE2561939 /* Pods_VelocidiSDK.framework */; };
		F3D90ABFE9AB8C599525C1FC /* Pods_VelocidiSDK_VelocidiSDKTests.framework in Frameworks */ = {isa = PBXBuildFile; fileRef = 743E4499A5E999AC13B3E5A2 /* Pods_VelocidiSDK_VelocidiSDKTests.framework */; };
/* End PBXBuildFile section */

/* Begin PBXBuildRule section */
		3060595C2264DA2100306E32 /* PBXBuildRule */ = {
			isa = PBXBuildRule;
			compilerSpec = com.apple.compilers.proxy.script;
			fileType = sourcecode.swift;
			inputFiles = (
			);
			isEditable = 1;
			outputFiles = (
			);
			script = "# $(SWIFT_EXEC)\n";
		};
		3060595D2264DA2E00306E32 /* PBXBuildRule */ = {
			isa = PBXBuildRule;
			compilerSpec = com.apple.xcode.tools.swift.compiler;
			fileType = sourcecode.swift;
			inputFiles = (
			);
			isEditable = 1;
			outputFiles = (
			);
			script = "# $(SWIFT_EXEC)\n";
		};
/* End PBXBuildRule section */

/* Begin PBXContainerItemProxy section */
		B1432652C9813D290E805142 /* PBXContainerItemProxy */ = {
			isa = PBXContainerItemProxy;
			containerPortal = B1432F00AD7B6C09098AD9A4 /* Project object */;
			proxyType = 1;
			remoteGlobalIDString = B14321618C6AE2EE2009AD6D;
			remoteInfo = VelocidiSDK;
		};
/* End PBXContainerItemProxy section */

/* Begin PBXFileReference section */
		0E2C4799C0C925EDCE50E8A1 /* Pods-VelocidiSDK-VelocidiSDKTests.debug.xcconfig */ = {isa = PBXFileReference; includeInIndex = 1; lastKnownFileType = text.xcconfig; name = "Pods-VelocidiSDK-VelocidiSDKTests.debug.xcconfig"; path = "Target Support Files/Pods-VelocidiSDK-VelocidiSDKTests/Pods-VelocidiSDK-VelocidiSDKTests.debug.xcconfig"; sourceTree = "<group>"; };
		1243B65D24C72E6F007298CF /* VSDKAppView.h */ = {isa = PBXFileReference; fileEncoding = 4; lastKnownFileType = sourcecode.c.h; path = VSDKAppView.h; sourceTree = "<group>"; };
		1243B65E24C72E6F007298CF /* VSDKAppView.m */ = {isa = PBXFileReference; fileEncoding = 4; lastKnownFileType = sourcecode.c.objc; path = VSDKAppView.m; sourceTree = "<group>"; };
		12FA833524E59C9A00C32D0F /* TrackingEventsTests.swift */ = {isa = PBXFileReference; lastKnownFileType = sourcecode.swift; path = TrackingEventsTests.swift; sourceTree = "<group>"; };
		303572D524CB588100280AC2 /* VSDKOrderPlace.h */ = {isa = PBXFileReference; lastKnownFileType = sourcecode.c.h; path = VSDKOrderPlace.h; sourceTree = "<group>"; };
		303572D624CB588100280AC2 /* VSDKOrderPlace.m */ = {isa = PBXFileReference; lastKnownFileType = sourcecode.c.objc; path = VSDKOrderPlace.m; sourceTree = "<group>"; };
		303572D924CB5B2900280AC2 /* VSDKLineItem.h */ = {isa = PBXFileReference; lastKnownFileType = sourcecode.c.h; path = VSDKLineItem.h; sourceTree = "<group>"; };
		303572DA24CB5B2900280AC2 /* VSDKLineItem.m */ = {isa = PBXFileReference; lastKnownFileType = sourcecode.c.objc; path = VSDKLineItem.m; sourceTree = "<group>"; };
		303572DD24CB5B7E00280AC2 /* VSDKOrder.h */ = {isa = PBXFileReference; lastKnownFileType = sourcecode.c.h; path = VSDKOrder.h; sourceTree = "<group>"; };
		303572DE24CB5B7E00280AC2 /* VSDKOrder.m */ = {isa = PBXFileReference; lastKnownFileType = sourcecode.c.objc; path = VSDKOrder.m; sourceTree = "<group>"; };
		304FEFA02254B8AB00ECF86E /* VSDKVelocidi.h */ = {isa = PBXFileReference; lastKnownFileType = sourcecode.c.h; path = VSDKVelocidi.h; sourceTree = "<group>"; };
		304FEFA12254B8AB00ECF86E /* VSDKVelodici.m */ = {isa = PBXFileReference; lastKnownFileType = sourcecode.c.objc; path = VSDKVelodici.m; sourceTree = "<group>"; };
		305580607D1CC583F1DCC4B3 /* Pods-VelocidiSDK.release.xcconfig */ = {isa = PBXFileReference; includeInIndex = 1; lastKnownFileType = text.xcconfig; name = "Pods-VelocidiSDK.release.xcconfig"; path = "Target Support Files/Pods-VelocidiSDK/Pods-VelocidiSDK.release.xcconfig"; sourceTree = "<group>"; };
		305A32AD24CF2CA80004F499 /* VSDKDiscount.h */ = {isa = PBXFileReference; lastKnownFileType = sourcecode.c.h; path = VSDKDiscount.h; sourceTree = "<group>"; };
		305A32AE24CF2CA80004F499 /* VSDKDiscount.m */ = {isa = PBXFileReference; lastKnownFileType = sourcecode.c.objc; path = VSDKDiscount.m; sourceTree = "<group>"; };
		305D1AA0225643F70016EF25 /* VSDKTrackingEvent.h */ = {isa = PBXFileReference; lastKnownFileType = sourcecode.c.h; path = VSDKTrackingEvent.h; sourceTree = "<group>"; };
		305D1AA42256452C0016EF25 /* VSDKPageView.h */ = {isa = PBXFileReference; lastKnownFileType = sourcecode.c.h; path = VSDKPageView.h; sourceTree = "<group>"; };
		305D1AA52256452C0016EF25 /* VSDKPageView.m */ = {isa = PBXFileReference; lastKnownFileType = sourcecode.c.objc; path = VSDKPageView.m; sourceTree = "<group>"; };
		305D1AA8225645C70016EF25 /* VSDKSearch.h */ = {isa = PBXFileReference; lastKnownFileType = sourcecode.c.h; path = VSDKSearch.h; sourceTree = "<group>"; };
		305D1AA9225645C70016EF25 /* VSDKSearch.m */ = {isa = PBXFileReference; lastKnownFileType = sourcecode.c.objc; path = VSDKSearch.m; sourceTree = "<group>"; };
		305D1AAC225646600016EF25 /* VSDKProductImpression.h */ = {isa = PBXFileReference; lastKnownFileType = sourcecode.c.h; path = VSDKProductImpression.h; sourceTree = "<group>"; };
		305D1AAD225646600016EF25 /* VSDKProductImpression.m */ = {isa = PBXFileReference; lastKnownFileType = sourcecode.c.objc; path = VSDKProductImpression.m; sourceTree = "<group>"; };
		305D1AB0225646F30016EF25 /* VSDKProduct.h */ = {isa = PBXFileReference; lastKnownFileType = sourcecode.c.h; path = VSDKProduct.h; sourceTree = "<group>"; };
		305D1AB1225646F30016EF25 /* VSDKProduct.m */ = {isa = PBXFileReference; lastKnownFileType = sourcecode.c.objc; path = VSDKProduct.m; sourceTree = "<group>"; };
		305D1AB422564AE20016EF25 /* VSDKProductClick.h */ = {isa = PBXFileReference; lastKnownFileType = sourcecode.c.h; path = VSDKProductClick.h; sourceTree = "<group>"; };
		305D1AB522564AE20016EF25 /* VSDKProductClick.m */ = {isa = PBXFileReference; lastKnownFileType = sourcecode.c.objc; path = VSDKProductClick.m; sourceTree = "<group>"; };
		305D1AB822564C950016EF25 /* VSDKProductView.h */ = {isa = PBXFileReference; lastKnownFileType = sourcecode.c.h; path = VSDKProductView.h; sourceTree = "<group>"; };
		305D1AB922564C950016EF25 /* VSDKProductView.m */ = {isa = PBXFileReference; lastKnownFileType = sourcecode.c.objc; path = VSDKProductView.m; sourceTree = "<group>"; };
		305D1ABC22564DB10016EF25 /* VSDKProductViewDetails.h */ = {isa = PBXFileReference; lastKnownFileType = sourcecode.c.h; path = VSDKProductViewDetails.h; sourceTree = "<group>"; };
		305D1ABD22564DB10016EF25 /* VSDKProductViewDetails.m */ = {isa = PBXFileReference; lastKnownFileType = sourcecode.c.objc; path = VSDKProductViewDetails.m; sourceTree = "<group>"; };
		305D1AC02256548F0016EF25 /* VSDKProductCustomization.h */ = {isa = PBXFileReference; lastKnownFileType = sourcecode.c.h; path = VSDKProductCustomization.h; sourceTree = "<group>"; };
		305D1AC12256548F0016EF25 /* VSDKProductCustomization.m */ = {isa = PBXFileReference; lastKnownFileType = sourcecode.c.objc; path = VSDKProductCustomization.m; sourceTree = "<group>"; };
		305D1AC4225656110016EF25 /* VSDKAddToCart.h */ = {isa = PBXFileReference; lastKnownFileType = sourcecode.c.h; path = VSDKAddToCart.h; sourceTree = "<group>"; };
		305D1AC5225656110016EF25 /* VSDKAddToCart.m */ = {isa = PBXFileReference; lastKnownFileType = sourcecode.c.objc; path = VSDKAddToCart.m; sourceTree = "<group>"; };
		305D1AC8225657A70016EF25 /* VSDKRemoveFromCart.h */ = {isa = PBXFileReference; lastKnownFileType = sourcecode.c.h; path = VSDKRemoveFromCart.h; sourceTree = "<group>"; };
		305D1AC9225657A70016EF25 /* VSDKRemoveFromCart.m */ = {isa = PBXFileReference; lastKnownFileType = sourcecode.c.objc; path = VSDKRemoveFromCart.m; sourceTree = "<group>"; };
		307325D0225BAAC0005CEB7D /* VSDKTrackingEvent.m */ = {isa = PBXFileReference; lastKnownFileType = sourcecode.c.objc; path = VSDKTrackingEvent.m; sourceTree = "<group>"; };
		307325D2225BB525005CEB7D /* VelocidiSDK.modulemap */ = {isa = PBXFileReference; lastKnownFileType = "sourcecode.module-map"; path = VelocidiSDK.modulemap; sourceTree = "<group>"; };
		308A7367225E297D00E1ADA8 /* VSDKRequest.h */ = {isa = PBXFileReference; lastKnownFileType = sourcecode.c.h; path = VSDKRequest.h; sourceTree = "<group>"; };
		308A7368225E297D00E1ADA8 /* VSDKRequest.m */ = {isa = PBXFileReference; lastKnownFileType = sourcecode.c.objc; path = VSDKRequest.m; sourceTree = "<group>"; };
		309FA3E022730BAC00709155 /* VSDKUserId.h */ = {isa = PBXFileReference; lastKnownFileType = sourcecode.c.h; path = VSDKUserId.h; sourceTree = "<group>"; };
		309FA3E122730BAC00709155 /* VSDKUserId.m */ = {isa = PBXFileReference; lastKnownFileType = sourcecode.c.objc; path = VSDKUserId.m; sourceTree = "<group>"; };
		309FA3E4227319E500709155 /* VSDKTrackingRequest.h */ = {isa = PBXFileReference; lastKnownFileType = sourcecode.c.h; path = VSDKTrackingRequest.h; sourceTree = "<group>"; };
		309FA3E5227319E500709155 /* VSDKTrackingRequest.m */ = {isa = PBXFileReference; lastKnownFileType = sourcecode.c.objc; path = VSDKTrackingRequest.m; sourceTree = "<group>"; };
		309FA3E92273248E00709155 /* VSDKMatchRequest.h */ = {isa = PBXFileReference; lastKnownFileType = sourcecode.c.h; path = VSDKMatchRequest.h; sourceTree = "<group>"; };
		309FA3EA2273248E00709155 /* VSDKMatchRequest.m */ = {isa = PBXFileReference; lastKnownFileType = sourcecode.c.objc; path = VSDKMatchRequest.m; sourceTree = "<group>"; };
		30B6142C2260D64E007774B4 /* VSDKUtil.h */ = {isa = PBXFileReference; lastKnownFileType = sourcecode.c.h; path = VSDKUtil.h; sourceTree = "<group>"; };
		30B6418B225DEC8A00B585BD /* JSONModel.framework */ = {isa = PBXFileReference; explicitFileType = wrapper.framework; path = JSONModel.framework; sourceTree = BUILT_PRODUCTS_DIR; };
		30B68A062260D40800226C76 /* VSDKUtil.m */ = {isa = PBXFileReference; lastKnownFileType = sourcecode.c.objc; path = VSDKUtil.m; sourceTree = "<group>"; };
		30C566DF225B9465006CE923 /* VSDKProductFeedback.h */ = {isa = PBXFileReference; lastKnownFileType = sourcecode.c.h; path = VSDKProductFeedback.h; sourceTree = "<group>"; };
		30C566E0225B9465006CE923 /* VSDKProductFeedback.m */ = {isa = PBXFileReference; lastKnownFileType = sourcecode.c.objc; path = VSDKProductFeedback.m; sourceTree = "<group>"; };
		30F0CC7E22773DBE0063BAB9 /* VSDKGlobalVariables.h */ = {isa = PBXFileReference; lastKnownFileType = sourcecode.c.h; path = VSDKGlobalVariables.h; sourceTree = "<group>"; };
		30F3A0062264DE7000D9380B /* VelocidiTests.swift */ = {isa = PBXFileReference; lastKnownFileType = sourcecode.swift; path = VelocidiTests.swift; sourceTree = "<group>"; };
		30F3A00B2264E13300D9380B /* SanityTests.m */ = {isa = PBXFileReference; fileEncoding = 4; lastKnownFileType = sourcecode.c.objc; path = SanityTests.m; sourceTree = "<group>"; };
		30FA306F2267341A00BF442A /* UtilTests.swift */ = {isa = PBXFileReference; lastKnownFileType = sourcecode.swift; path = UtilTests.swift; sourceTree = "<group>"; };
		30FA30712267731800BF442A /* RequestsTests.swift */ = {isa = PBXFileReference; lastKnownFileType = sourcecode.swift; path = RequestsTests.swift; sourceTree = "<group>"; };
		30FC624C225D160E004F3A61 /* libAFNetworking.a */ = {isa = PBXFileReference; explicitFileType = archive.ar; path = libAFNetworking.a; sourceTree = BUILT_PRODUCTS_DIR; };
		30FC624E225D160E004F3A61 /* libJSONModel.a */ = {isa = PBXFileReference; explicitFileType = archive.ar; path = libJSONModel.a; sourceTree = BUILT_PRODUCTS_DIR; };
		743E4499A5E999AC13B3E5A2 /* Pods_VelocidiSDK_VelocidiSDKTests.framework */ = {isa = PBXFileReference; explicitFileType = wrapper.framework; includeInIndex = 0; path = Pods_VelocidiSDK_VelocidiSDKTests.framework; sourceTree = BUILT_PRODUCTS_DIR; };
		8760DEC6DFA8A5D3AB955203 /* Pods-VelocidiSDK-VelocidiSDKTests.release.xcconfig */ = {isa = PBXFileReference; includeInIndex = 1; lastKnownFileType = text.xcconfig; name = "Pods-VelocidiSDK-VelocidiSDKTests.release.xcconfig"; path = "Target Support Files/Pods-VelocidiSDK-VelocidiSDKTests/Pods-VelocidiSDK-VelocidiSDKTests.release.xcconfig"; sourceTree = "<group>"; };
		9C2E910D22B0038EE2561939 /* Pods_VelocidiSDK.framework */ = {isa = PBXFileReference; explicitFileType = wrapper.framework; includeInIndex = 0; path = Pods_VelocidiSDK.framework; sourceTree = BUILT_PRODUCTS_DIR; };
		A1A09C4B2539A1F3003E0BD9 /* VSDKIdfaUtil.h */ = {isa = PBXFileReference; lastKnownFileType = sourcecode.c.h; path = VSDKIdfaUtil.h; sourceTree = "<group>"; };
		A1A09C4F2539ADBE003E0BD9 /* VSDKIdfaUtil.m */ = {isa = PBXFileReference; lastKnownFileType = sourcecode.c.objc; path = VSDKIdfaUtil.m; sourceTree = "<group>"; };
		A1B22C052535B00100EA675E /* Podfile */ = {isa = PBXFileReference; fileEncoding = 4; lastKnownFileType = text; name = Podfile; path = ../Podfile; sourceTree = "<group>"; };
		A1B22C062535B00100EA675E /* Podfile.lock */ = {isa = PBXFileReference; fileEncoding = 4; lastKnownFileType = text; name = Podfile.lock; path = ../Podfile.lock; sourceTree = "<group>"; };
		A1B22C092535B1BA00EA675E /* VelocidiSDK.podspec */ = {isa = PBXFileReference; fileEncoding = 4; lastKnownFileType = text; name = VelocidiSDK.podspec; path = ../VelocidiSDK.podspec; sourceTree = "<group>"; };
		B1432006E874289B32AE9435 /* Info.plist */ = {isa = PBXFileReference; lastKnownFileType = text.plist.info; path = Info.plist; sourceTree = "<group>"; };
		B14322053369E2F8B07BD704 /* VelocidiSDK.framework */ = {isa = PBXFileReference; explicitFileType = wrapper.framework; includeInIndex = 0; path = VelocidiSDK.framework; sourceTree = BUILT_PRODUCTS_DIR; };
		B14323D6AF36722BBA0B00FE /* Info.plist */ = {isa = PBXFileReference; lastKnownFileType = text.plist.info; path = Info.plist; sourceTree = "<group>"; };
		B1432638FA1DE1C69342CB97 /* VSDKCustomization.m */ = {isa = PBXFileReference; fileEncoding = 4; lastKnownFileType = sourcecode.c.objc; path = VSDKCustomization.m; sourceTree = "<group>"; };
		B143269D9047D62CF45FC4FA /* VelocidiSDK.h */ = {isa = PBXFileReference; lastKnownFileType = sourcecode.c.h; path = VelocidiSDK.h; sourceTree = "<group>"; };
		B14327F8581E7874D34E17F5 /* VSDKConfig.h */ = {isa = PBXFileReference; fileEncoding = 4; lastKnownFileType = sourcecode.c.h; path = VSDKConfig.h; sourceTree = "<group>"; };
		B14328D0589594344160CA2B /* VSDKCustomization.h */ = {isa = PBXFileReference; fileEncoding = 4; lastKnownFileType = sourcecode.c.h; path = VSDKCustomization.h; sourceTree = "<group>"; };
		B1432D25BEDD0A937B6E5215 /* VSDKConfig.m */ = {isa = PBXFileReference; fileEncoding = 4; lastKnownFileType = sourcecode.c.objc; path = VSDKConfig.m; sourceTree = "<group>"; };
		B1432DC5BB2B2B22F95EF53B /* VelocidiSDKTests.xctest */ = {isa = PBXFileReference; explicitFileType = wrapper.cfbundle; includeInIndex = 0; path = VelocidiSDKTests.xctest; sourceTree = BUILT_PRODUCTS_DIR; };
		DAB29D361245AB553014CD66 /* Pods-VelocidiSDK.debug.xcconfig */ = {isa = PBXFileReference; includeInIndex = 1; lastKnownFileType = text.xcconfig; name = "Pods-VelocidiSDK.debug.xcconfig"; path = "Target Support Files/Pods-VelocidiSDK/Pods-VelocidiSDK.debug.xcconfig"; sourceTree = "<group>"; };
/* End PBXFileReference section */

/* Begin PBXFrameworksBuildPhase section */
		B143262E1BA5BB8F611C5D21 /* Frameworks */ = {
			isa = PBXFrameworksBuildPhase;
			buildActionMask = 2147483647;
			files = (
				DCE7262915C324595AEDB1E1 /* Pods_VelocidiSDK.framework in Frameworks */,
			);
			runOnlyForDeploymentPostprocessing = 0;
		};
		B1432D1A6E4A3AC683544056 /* Frameworks */ = {
			isa = PBXFrameworksBuildPhase;
			buildActionMask = 2147483647;
			files = (
				B1432EE9A95A6808C0F4ECA2 /* VelocidiSDK.framework in Frameworks */,
				F3D90ABFE9AB8C599525C1FC /* Pods_VelocidiSDK_VelocidiSDKTests.framework in Frameworks */,
			);
			runOnlyForDeploymentPostprocessing = 0;
		};
/* End PBXFrameworksBuildPhase section */

/* Begin PBXGroup section */
		305D1A9A225643460016EF25 /* Tracking */ = {
			isa = PBXGroup;
			children = (
				305D1A9B225643870016EF25 /* Model */,
				309FA3E4227319E500709155 /* VSDKTrackingRequest.h */,
				309FA3E5227319E500709155 /* VSDKTrackingRequest.m */,
			);
			path = Tracking;
			sourceTree = "<group>";
		};
		305D1A9B225643870016EF25 /* Model */ = {
			isa = PBXGroup;
			children = (
				1243B65D24C72E6F007298CF /* VSDKAppView.h */,
				1243B65E24C72E6F007298CF /* VSDKAppView.m */,
				305D1AA0225643F70016EF25 /* VSDKTrackingEvent.h */,
				307325D0225BAAC0005CEB7D /* VSDKTrackingEvent.m */,
				305D1AA42256452C0016EF25 /* VSDKPageView.h */,
				305D1AA52256452C0016EF25 /* VSDKPageView.m */,
				305D1AA8225645C70016EF25 /* VSDKSearch.h */,
				30C566DF225B9465006CE923 /* VSDKProductFeedback.h */,
				30C566E0225B9465006CE923 /* VSDKProductFeedback.m */,
				305D1AAC225646600016EF25 /* VSDKProductImpression.h */,
				303572D524CB588100280AC2 /* VSDKOrderPlace.h */,
				303572D624CB588100280AC2 /* VSDKOrderPlace.m */,
				305D1AAD225646600016EF25 /* VSDKProductImpression.m */,
				305D1AA9225645C70016EF25 /* VSDKSearch.m */,
				305D1AB0225646F30016EF25 /* VSDKProduct.h */,
				305D1AB1225646F30016EF25 /* VSDKProduct.m */,
				305D1AB422564AE20016EF25 /* VSDKProductClick.h */,
				305D1AB822564C950016EF25 /* VSDKProductView.h */,
				305D1AC02256548F0016EF25 /* VSDKProductCustomization.h */,
				305D1AC4225656110016EF25 /* VSDKAddToCart.h */,
				303572DD24CB5B7E00280AC2 /* VSDKOrder.h */,
				303572DE24CB5B7E00280AC2 /* VSDKOrder.m */,
				303572D924CB5B2900280AC2 /* VSDKLineItem.h */,
				303572DA24CB5B2900280AC2 /* VSDKLineItem.m */,
				305D1AC8225657A70016EF25 /* VSDKRemoveFromCart.h */,
				305D1AC9225657A70016EF25 /* VSDKRemoveFromCart.m */,
				305D1AC5225656110016EF25 /* VSDKAddToCart.m */,
				305D1AC12256548F0016EF25 /* VSDKProductCustomization.m */,
				305D1ABC22564DB10016EF25 /* VSDKProductViewDetails.h */,
				305D1ABD22564DB10016EF25 /* VSDKProductViewDetails.m */,
				305D1AB922564C950016EF25 /* VSDKProductView.m */,
				305D1AB522564AE20016EF25 /* VSDKProductClick.m */,
				B1432638FA1DE1C69342CB97 /* VSDKCustomization.m */,
				B14328D0589594344160CA2B /* VSDKCustomization.h */,
				305A32AD24CF2CA80004F499 /* VSDKDiscount.h */,
				305A32AE24CF2CA80004F499 /* VSDKDiscount.m */,
			);
			path = Model;
			sourceTree = "<group>";
		};
		309FA3E82273247100709155 /* Match */ = {
			isa = PBXGroup;
			children = (
				309FA3E92273248E00709155 /* VSDKMatchRequest.h */,
				309FA3EA2273248E00709155 /* VSDKMatchRequest.m */,
			);
			path = Match;
			sourceTree = "<group>";
		};
		B14320EE26FDC1F9439181D9 = {
			isa = PBXGroup;
			children = (
				A1B22C092535B1BA00EA675E /* VelocidiSDK.podspec */,
				A1B22C052535B00100EA675E /* Podfile */,
				A1B22C062535B00100EA675E /* Podfile.lock */,
				B143262865E4C53E8903062A /* Products */,
				B1432EFA4D837E1588E42E90 /* VelocidiSDK */,
				B14327EEFA390985A151E2FC /* VelocidiSDKTests */,
				DE4214C4052230CAC368C858 /* Frameworks */,
				D0366118AD7B0F1BEB4D44C8 /* Pods */,
			);
			sourceTree = "<group>";
		};
		B143262865E4C53E8903062A /* Products */ = {
			isa = PBXGroup;
			children = (
				B14322053369E2F8B07BD704 /* VelocidiSDK.framework */,
				B1432DC5BB2B2B22F95EF53B /* VelocidiSDKTests.xctest */,
			);
			name = Products;
			sourceTree = "<group>";
		};
		B14327EEFA390985A151E2FC /* VelocidiSDKTests */ = {
			isa = PBXGroup;
			children = (
				30F3A00B2264E13300D9380B /* SanityTests.m */,
				B1432006E874289B32AE9435 /* Info.plist */,
				30F3A0062264DE7000D9380B /* VelocidiTests.swift */,
				30FA30712267731800BF442A /* RequestsTests.swift */,
				30FA306F2267341A00BF442A /* UtilTests.swift */,
				12FA833524E59C9A00C32D0F /* TrackingEventsTests.swift */,
			);
			path = VelocidiSDKTests;
			sourceTree = "<group>";
		};
		B1432EFA4D837E1588E42E90 /* VelocidiSDK */ = {
			isa = PBXGroup;
			children = (
				309FA3E82273247100709155 /* Match */,
				305D1A9A225643460016EF25 /* Tracking */,
				B14323D6AF36722BBA0B00FE /* Info.plist */,
				307325D2225BB525005CEB7D /* VelocidiSDK.modulemap */,
				B143269D9047D62CF45FC4FA /* VelocidiSDK.h */,
				30F0CC7E22773DBE0063BAB9 /* VSDKGlobalVariables.h */,
				304FEFA02254B8AB00ECF86E /* VSDKVelocidi.h */,
				304FEFA12254B8AB00ECF86E /* VSDKVelodici.m */,
				B1432D25BEDD0A937B6E5215 /* VSDKConfig.m */,
				B14327F8581E7874D34E17F5 /* VSDKConfig.h */,
				308A7367225E297D00E1ADA8 /* VSDKRequest.h */,
				308A7368225E297D00E1ADA8 /* VSDKRequest.m */,
				30B68A062260D40800226C76 /* VSDKUtil.m */,
				30B6142C2260D64E007774B4 /* VSDKUtil.h */,
				309FA3E022730BAC00709155 /* VSDKUserId.h */,
				309FA3E122730BAC00709155 /* VSDKUserId.m */,
				A1A09C4B2539A1F3003E0BD9 /* VSDKIdfaUtil.h */,
				A1A09C4F2539ADBE003E0BD9 /* VSDKIdfaUtil.m */,
			);
			path = VelocidiSDK;
			sourceTree = "<group>";
		};
		D0366118AD7B0F1BEB4D44C8 /* Pods */ = {
			isa = PBXGroup;
			children = (
				DAB29D361245AB553014CD66 /* Pods-VelocidiSDK.debug.xcconfig */,
				305580607D1CC583F1DCC4B3 /* Pods-VelocidiSDK.release.xcconfig */,
				0E2C4799C0C925EDCE50E8A1 /* Pods-VelocidiSDK-VelocidiSDKTests.debug.xcconfig */,
				8760DEC6DFA8A5D3AB955203 /* Pods-VelocidiSDK-VelocidiSDKTests.release.xcconfig */,
			);
			name = Pods;
			path = ../Pods;
			sourceTree = "<group>";
		};
		DE4214C4052230CAC368C858 /* Frameworks */ = {
			isa = PBXGroup;
			children = (
				30B6418B225DEC8A00B585BD /* JSONModel.framework */,
				30FC624C225D160E004F3A61 /* libAFNetworking.a */,
				30FC624E225D160E004F3A61 /* libJSONModel.a */,
				9C2E910D22B0038EE2561939 /* Pods_VelocidiSDK.framework */,
				743E4499A5E999AC13B3E5A2 /* Pods_VelocidiSDK_VelocidiSDKTests.framework */,
			);
			name = Frameworks;
			sourceTree = "<group>";
		};
/* End PBXGroup section */

/* Begin PBXHeadersBuildPhase section */
		B1432F50E35303003C1B47F3 /* Headers */ = {
			isa = PBXHeadersBuildPhase;
			buildActionMask = 2147483647;
			files = (
				305D1AB2225646F30016EF25 /* VSDKProduct.h in Headers */,
				305D1ABA22564C950016EF25 /* VSDKProductView.h in Headers */,
				305D1AC22256548F0016EF25 /* VSDKProductCustomization.h in Headers */,
				305D1AC6225656110016EF25 /* VSDKAddToCart.h in Headers */,
				305D1AAE225646600016EF25 /* VSDKProductImpression.h in Headers */,
				B1432122A6977BF83A62AC30 /* VelocidiSDK.h in Headers */,
				A1A09C4C2539A1F3003E0BD9 /* VSDKIdfaUtil.h in Headers */,
				30C566E1225B9465006CE923 /* VSDKProductFeedback.h in Headers */,
				305D1AAA225645C70016EF25 /* VSDKSearch.h in Headers */,
				305D1AA2225643F70016EF25 /* VSDKTrackingEvent.h in Headers */,
				304FEFA22254B8AB00ECF86E /* VSDKVelocidi.h in Headers */,
				305D1ACA225657A70016EF25 /* VSDKRemoveFromCart.h in Headers */,
				305D1ABE22564DB10016EF25 /* VSDKProductViewDetails.h in Headers */,
				305D1AA62256452C0016EF25 /* VSDKPageView.h in Headers */,
				30B6142D2260D64E007774B4 /* VSDKUtil.h in Headers */,
				305D1AB622564AE20016EF25 /* VSDKProductClick.h in Headers */,
				1243B65F24C72E70007298CF /* VSDKAppView.h in Headers */,
				303572DF24CB5B7E00280AC2 /* VSDKOrder.h in Headers */,
				303572D724CB588100280AC2 /* VSDKOrderPlace.h in Headers */,
				303572DB24CB5B2900280AC2 /* VSDKLineItem.h in Headers */,
				305A32AF24CF2CA80004F499 /* VSDKDiscount.h in Headers */,
				B1432B96384334E26B758963 /* VSDKCustomization.h in Headers */,
				308A7369225E297D00E1ADA8 /* VSDKRequest.h in Headers */,
				309FA3E6227319E500709155 /* VSDKTrackingRequest.h in Headers */,
				309FA3E222730BAC00709155 /* VSDKUserId.h in Headers */,
				309FA3EB2273248E00709155 /* VSDKMatchRequest.h in Headers */,
				30F0CC7F22773DBE0063BAB9 /* VSDKGlobalVariables.h in Headers */,
				B14323273B9913A8741D9373 /* VSDKConfig.h in Headers */,
			);
			runOnlyForDeploymentPostprocessing = 0;
		};
/* End PBXHeadersBuildPhase section */

/* Begin PBXNativeTarget section */
		B14321618C6AE2EE2009AD6D /* VelocidiSDK */ = {
			isa = PBXNativeTarget;
			buildConfigurationList = B14321AEACC8498634595391 /* Build configuration list for PBXNativeTarget "VelocidiSDK" */;
			buildPhases = (
				B61CE0967F3E6E8420CE0F5E /* [CP] Check Pods Manifest.lock */,
				B1432F50E35303003C1B47F3 /* Headers */,
				B1432B1E465F64F759A7EEA9 /* Sources */,
				B143262E1BA5BB8F611C5D21 /* Frameworks */,
				B1432A026CD0DD8A26AC3B74 /* Resources */,
			);
			buildRules = (
				3060595C2264DA2100306E32 /* PBXBuildRule */,
			);
			dependencies = (
			);
			name = VelocidiSDK;
			productName = VelocidiSDK;
			productReference = B14322053369E2F8B07BD704 /* VelocidiSDK.framework */;
			productType = "com.apple.product-type.framework";
		};
		B1432BAE883DE1D8BCCEA582 /* VelocidiSDKTests */ = {
			isa = PBXNativeTarget;
			buildConfigurationList = B14329717D59F14F31730097 /* Build configuration list for PBXNativeTarget "VelocidiSDKTests" */;
			buildPhases = (
				D42299142E13FA536DC11C72 /* [CP] Check Pods Manifest.lock */,
				B1432B34223DF8EFF43F6866 /* Sources */,
				B1432D1A6E4A3AC683544056 /* Frameworks */,
				B1432D2375A47DCBB54B7EE6 /* Resources */,
				78D6C2DDFFEDAF50A771284C /* [CP] Embed Pods Frameworks */,
			);
			buildRules = (
				3060595D2264DA2E00306E32 /* PBXBuildRule */,
			);
			dependencies = (
				B14321C5DE8381455C613612 /* PBXTargetDependency */,
			);
			name = VelocidiSDKTests;
			productName = VelocidiSDKTests;
			productReference = B1432DC5BB2B2B22F95EF53B /* VelocidiSDKTests.xctest */;
			productType = "com.apple.product-type.bundle.unit-test";
		};
/* End PBXNativeTarget section */

/* Begin PBXProject section */
		B1432F00AD7B6C09098AD9A4 /* Project object */ = {
			isa = PBXProject;
			attributes = {
				DefaultBuildSystemTypeForWorkspace = Original;
				LastUpgradeCheck = 1030;
				ORGANIZATIONNAME = Velocidi;
				TargetAttributes = {
					30F984A622771915006DF6C4 = {
						CreatedOnToolsVersion = 10.1;
						ProvisioningStyle = Automatic;
					};
					B1432BAE883DE1D8BCCEA582 = {
						LastSwiftMigration = 1010;
					};
				};
			};
			buildConfigurationList = B1432565B49FC51CB93CE2CA /* Build configuration list for PBXProject "VelocidiSDK" */;
			compatibilityVersion = "Xcode 3.2";
			developmentRegion = en;
			hasScannedForEncodings = 0;
			knownRegions = (
				en,
				Base,
			);
			mainGroup = B14320EE26FDC1F9439181D9;
			productRefGroup = B143262865E4C53E8903062A /* Products */;
			projectDirPath = "";
			projectRoot = "";
			targets = (
				B14321618C6AE2EE2009AD6D /* VelocidiSDK */,
				B1432BAE883DE1D8BCCEA582 /* VelocidiSDKTests */,
				30F984A622771915006DF6C4 /* OCLint */,
			);
		};
/* End PBXProject section */

/* Begin PBXResourcesBuildPhase section */
		B1432A026CD0DD8A26AC3B74 /* Resources */ = {
			isa = PBXResourcesBuildPhase;
			buildActionMask = 2147483647;
			files = (
				A1B22C0A2535B1BA00EA675E /* VelocidiSDK.podspec in Resources */,
				A1B22C082535B00100EA675E /* Podfile.lock in Resources */,
				A1B22C072535B00100EA675E /* Podfile in Resources */,
			);
			runOnlyForDeploymentPostprocessing = 0;
		};
		B1432D2375A47DCBB54B7EE6 /* Resources */ = {
			isa = PBXResourcesBuildPhase;
			buildActionMask = 2147483647;
			files = (
			);
			runOnlyForDeploymentPostprocessing = 0;
		};
/* End PBXResourcesBuildPhase section */

/* Begin PBXShellScriptBuildPhase section */
		30F984AA22771933006DF6C4 /* ShellScript */ = {
			isa = PBXShellScriptBuildPhase;
			buildActionMask = 2147483647;
			files = (
			);
			inputFileListPaths = (
			);
			inputPaths = (
			);
			outputFileListPaths = (
			);
			outputPaths = (
			);
			runOnlyForDeploymentPostprocessing = 0;
			shellPath = /bin/sh;
			shellScript = "source ~/.bash_profile\ncd ${SRCROOT}\ncd ..\nxcodebuild -scheme VelocidiSDK -sdk iphoneos -workspace VelocidiSDK.xcworkspace clean\nxcodebuild -scheme VelocidiSDK -sdk iphoneos -workspace VelocidiSDK.xcworkspace COMPILER_INDEX_STORE_ENABLE=NO | xcpretty -r json-compilation-database --output compile_commands.json \n\noclint-json-compilation-database -exclude Pods -exclude build -- -report-type xcode -max-priority-3=15000\n";
		};
		78D6C2DDFFEDAF50A771284C /* [CP] Embed Pods Frameworks */ = {
			isa = PBXShellScriptBuildPhase;
			buildActionMask = 2147483647;
			files = (
			);
			inputPaths = (
				"${PODS_ROOT}/Target Support Files/Pods-VelocidiSDK-VelocidiSDKTests/Pods-VelocidiSDK-VelocidiSDKTests-frameworks.sh",
				"${BUILT_PRODUCTS_DIR}/AFNetworking/AFNetworking.framework",
				"${BUILT_PRODUCTS_DIR}/JSONModel/JSONModel.framework",
				"${BUILT_PRODUCTS_DIR}/Mockingjay/Mockingjay.framework",
				"${BUILT_PRODUCTS_DIR}/Nimble/Nimble.framework",
				"${BUILT_PRODUCTS_DIR}/Quick/Quick.framework",
				"${BUILT_PRODUCTS_DIR}/URITemplate/URITemplate.framework",
			);
			name = "[CP] Embed Pods Frameworks";
			outputPaths = (
				"${TARGET_BUILD_DIR}/${FRAMEWORKS_FOLDER_PATH}/AFNetworking.framework",
				"${TARGET_BUILD_DIR}/${FRAMEWORKS_FOLDER_PATH}/JSONModel.framework",
				"${TARGET_BUILD_DIR}/${FRAMEWORKS_FOLDER_PATH}/Mockingjay.framework",
				"${TARGET_BUILD_DIR}/${FRAMEWORKS_FOLDER_PATH}/Nimble.framework",
				"${TARGET_BUILD_DIR}/${FRAMEWORKS_FOLDER_PATH}/Quick.framework",
				"${TARGET_BUILD_DIR}/${FRAMEWORKS_FOLDER_PATH}/URITemplate.framework",
			);
			runOnlyForDeploymentPostprocessing = 0;
			shellPath = /bin/sh;
			shellScript = "\"${PODS_ROOT}/Target Support Files/Pods-VelocidiSDK-VelocidiSDKTests/Pods-VelocidiSDK-VelocidiSDKTests-frameworks.sh\"\n";
			showEnvVarsInLog = 0;
		};
		B61CE0967F3E6E8420CE0F5E /* [CP] Check Pods Manifest.lock */ = {
			isa = PBXShellScriptBuildPhase;
			buildActionMask = 2147483647;
			files = (
			);
			inputFileListPaths = (
			);
			inputPaths = (
				"${PODS_PODFILE_DIR_PATH}/Podfile.lock",
				"${PODS_ROOT}/Manifest.lock",
			);
			name = "[CP] Check Pods Manifest.lock";
			outputFileListPaths = (
			);
			outputPaths = (
				"$(DERIVED_FILE_DIR)/Pods-VelocidiSDK-checkManifestLockResult.txt",
			);
			runOnlyForDeploymentPostprocessing = 0;
			shellPath = /bin/sh;
			shellScript = "diff \"${PODS_PODFILE_DIR_PATH}/Podfile.lock\" \"${PODS_ROOT}/Manifest.lock\" > /dev/null\nif [ $? != 0 ] ; then\n    # print error to STDERR\n    echo \"error: The sandbox is not in sync with the Podfile.lock. Run 'pod install' or update your CocoaPods installation.\" >&2\n    exit 1\nfi\n# This output is used by Xcode 'outputs' to avoid re-running this script phase.\necho \"SUCCESS\" > \"${SCRIPT_OUTPUT_FILE_0}\"\n";
			showEnvVarsInLog = 0;
		};
		D42299142E13FA536DC11C72 /* [CP] Check Pods Manifest.lock */ = {
			isa = PBXShellScriptBuildPhase;
			buildActionMask = 2147483647;
			files = (
			);
			inputFileListPaths = (
			);
			inputPaths = (
				"${PODS_PODFILE_DIR_PATH}/Podfile.lock",
				"${PODS_ROOT}/Manifest.lock",
			);
			name = "[CP] Check Pods Manifest.lock";
			outputFileListPaths = (
			);
			outputPaths = (
				"$(DERIVED_FILE_DIR)/Pods-VelocidiSDK-VelocidiSDKTests-checkManifestLockResult.txt",
			);
			runOnlyForDeploymentPostprocessing = 0;
			shellPath = /bin/sh;
			shellScript = "diff \"${PODS_PODFILE_DIR_PATH}/Podfile.lock\" \"${PODS_ROOT}/Manifest.lock\" > /dev/null\nif [ $? != 0 ] ; then\n    # print error to STDERR\n    echo \"error: The sandbox is not in sync with the Podfile.lock. Run 'pod install' or update your CocoaPods installation.\" >&2\n    exit 1\nfi\n# This output is used by Xcode 'outputs' to avoid re-running this script phase.\necho \"SUCCESS\" > \"${SCRIPT_OUTPUT_FILE_0}\"\n";
			showEnvVarsInLog = 0;
		};
/* End PBXShellScriptBuildPhase section */

/* Begin PBXSourcesBuildPhase section */
		B1432B1E465F64F759A7EEA9 /* Sources */ = {
			isa = PBXSourcesBuildPhase;
			buildActionMask = 2147483647;
			files = (
				305D1AB3225646F30016EF25 /* VSDKProduct.m in Sources */,
				303572E024CB5B7E00280AC2 /* VSDKOrder.m in Sources */,
				309FA3E7227319E500709155 /* VSDKTrackingRequest.m in Sources */,
				A1A09C502539ADBE003E0BD9 /* VSDKIdfaUtil.m in Sources */,
				305D1AC32256548F0016EF25 /* VSDKProductCustomization.m in Sources */,
				305D1ACB225657A70016EF25 /* VSDKRemoveFromCart.m in Sources */,
				309FA3EC2273248E00709155 /* VSDKMatchRequest.m in Sources */,
				309FA3E322730BAC00709155 /* VSDKUserId.m in Sources */,
				305D1AA72256452C0016EF25 /* VSDKPageView.m in Sources */,
				1243B66024C72E70007298CF /* VSDKAppView.m in Sources */,
				305D1AC7225656110016EF25 /* VSDKAddToCart.m in Sources */,
				30B68A082260D40800226C76 /* VSDKUtil.m in Sources */,
				305D1AAB225645C70016EF25 /* VSDKSearch.m in Sources */,
				305D1AB722564AE20016EF25 /* VSDKProductClick.m in Sources */,
				305D1ABF22564DB10016EF25 /* VSDKProductViewDetails.m in Sources */,
				304FEFA32254B8AB00ECF86E /* VSDKVelodici.m in Sources */,
				30C566E2225B9465006CE923 /* VSDKProductFeedback.m in Sources */,
				305D1AAF225646600016EF25 /* VSDKProductImpression.m in Sources */,
				307325D1225BAAC0005CEB7D /* VSDKTrackingEvent.m in Sources */,
				305D1ABB22564C950016EF25 /* VSDKProductView.m in Sources */,
				305A32B024CF2CA80004F499 /* VSDKDiscount.m in Sources */,
				303572DC24CB5B2900280AC2 /* VSDKLineItem.m in Sources */,
				308A736A225E297D00E1ADA8 /* VSDKRequest.m in Sources */,
				B1432DB1072F282A77DE0A43 /* VSDKCustomization.m in Sources */,
				303572D824CB588100280AC2 /* VSDKOrderPlace.m in Sources */,
				B1432AE2322D92448290169D /* VSDKConfig.m in Sources */,
			);
			runOnlyForDeploymentPostprocessing = 0;
		};
		B1432B34223DF8EFF43F6866 /* Sources */ = {
			isa = PBXSourcesBuildPhase;
			buildActionMask = 2147483647;
			files = (
				30F3A0072264DE7000D9380B /* VelocidiTests.swift in Sources */,
				12FA833624E59C9A00C32D0F /* TrackingEventsTests.swift in Sources */,
				30FA30722267731800BF442A /* RequestsTests.swift in Sources */,
				30FA30702267341A00BF442A /* UtilTests.swift in Sources */,
				30F3A00C2264E13300D9380B /* SanityTests.m in Sources */,
			);
			runOnlyForDeploymentPostprocessing = 0;
		};
/* End PBXSourcesBuildPhase section */

/* Begin PBXTargetDependency section */
		B14321C5DE8381455C613612 /* PBXTargetDependency */ = {
			isa = PBXTargetDependency;
			target = B14321618C6AE2EE2009AD6D /* VelocidiSDK */;
			targetProxy = B1432652C9813D290E805142 /* PBXContainerItemProxy */;
		};
/* End PBXTargetDependency section */

/* Begin XCBuildConfiguration section */
		30F984A822771915006DF6C4 /* Debug */ = {
			isa = XCBuildConfiguration;
			buildSettings = {
				CODE_SIGN_STYLE = Automatic;
				PRODUCT_NAME = "$(TARGET_NAME)";
			};
			name = Debug;
		};
		30F984A922771915006DF6C4 /* Release */ = {
			isa = XCBuildConfiguration;
			buildSettings = {
				CODE_SIGN_STYLE = Automatic;
				PRODUCT_NAME = "$(TARGET_NAME)";
			};
			name = Release;
		};
		B1432330C482CDAB8075465E /* Debug */ = {
			isa = XCBuildConfiguration;
			buildSettings = {
				ALWAYS_EMBED_SWIFT_STANDARD_LIBRARIES = NO;
				ALWAYS_SEARCH_USER_PATHS = NO;
				CLANG_ANALYZER_LOCALIZABILITY_NONLOCALIZED = YES;
				CLANG_ANALYZER_NONNULL = YES;
				CLANG_ANALYZER_NUMBER_OBJECT_CONVERSION = YES_AGGRESSIVE;
				CLANG_CXX_LANGUAGE_STANDARD = "gnu++14";
				CLANG_CXX_LIBRARY = "libc++";
				CLANG_ENABLE_MODULES = YES;
				CLANG_ENABLE_OBJC_ARC = YES;
				CLANG_ENABLE_OBJC_WEAK = YES;
				CLANG_WARN_BLOCK_CAPTURE_AUTORELEASING = YES;
				CLANG_WARN_BOOL_CONVERSION = YES;
				CLANG_WARN_COMMA = YES;
				CLANG_WARN_CONSTANT_CONVERSION = YES;
				CLANG_WARN_DEPRECATED_OBJC_IMPLEMENTATIONS = YES;
				CLANG_WARN_DIRECT_OBJC_ISA_USAGE = YES_ERROR;
				CLANG_WARN_DOCUMENTATION_COMMENTS = YES;
				CLANG_WARN_EMPTY_BODY = YES;
				CLANG_WARN_ENUM_CONVERSION = YES;
				CLANG_WARN_INFINITE_RECURSION = YES;
				CLANG_WARN_INT_CONVERSION = YES;
				CLANG_WARN_NON_LITERAL_NULL_CONVERSION = YES;
				CLANG_WARN_OBJC_IMPLICIT_RETAIN_SELF = YES;
				CLANG_WARN_OBJC_LITERAL_CONVERSION = YES;
				CLANG_WARN_OBJC_ROOT_CLASS = YES_ERROR;
				CLANG_WARN_RANGE_LOOP_ANALYSIS = YES;
				CLANG_WARN_STRICT_PROTOTYPES = YES;
				CLANG_WARN_SUSPICIOUS_MOVE = YES;
				CLANG_WARN_UNGUARDED_AVAILABILITY = YES_AGGRESSIVE;
				CLANG_WARN_UNREACHABLE_CODE = YES;
				CLANG_WARN__DUPLICATE_METHOD_MATCH = YES;
				CODE_SIGN_IDENTITY = "iPhone Developer";
				COPY_PHASE_STRIP = NO;
				CURRENT_PROJECT_VERSION = 6;
				DEBUG_INFORMATION_FORMAT = dwarf;
				ENABLE_STRICT_OBJC_MSGSEND = YES;
				ENABLE_TESTABILITY = YES;
				GCC_C_LANGUAGE_STANDARD = gnu11;
				GCC_DYNAMIC_NO_PIC = NO;
				GCC_NO_COMMON_BLOCKS = YES;
				GCC_OPTIMIZATION_LEVEL = 0;
				GCC_PREPROCESSOR_DEFINITIONS = (
					"DEBUG=1",
					"$(inherited)",
				);
				GCC_WARN_64_TO_32_BIT_CONVERSION = YES;
				GCC_WARN_ABOUT_RETURN_TYPE = YES_ERROR;
				GCC_WARN_UNDECLARED_SELECTOR = YES;
				GCC_WARN_UNINITIALIZED_AUTOS = YES_AGGRESSIVE;
				GCC_WARN_UNUSED_FUNCTION = YES;
				GCC_WARN_UNUSED_VARIABLE = YES;
				IPHONEOS_DEPLOYMENT_TARGET = 11.0;
				MTL_ENABLE_DEBUG_INFO = INCLUDE_SOURCE;
				MTL_FAST_MATH = YES;
				ONLY_ACTIVE_ARCH = YES;
				SDKROOT = iphoneos;
				VERSIONING_SYSTEM = "apple-generic";
				VERSION_INFO_PREFIX = "";
			};
			name = Debug;
		};
		B14329E9384201E0F2634BE0 /* Release */ = {
			isa = XCBuildConfiguration;
			baseConfigurationReference = 305580607D1CC583F1DCC4B3 /* Pods-VelocidiSDK.release.xcconfig */;
			buildSettings = {
				CLANG_ALLOW_NON_MODULAR_INCLUDES_IN_FRAMEWORK_MODULES = YES;
				CODE_SIGN_IDENTITY = "";
				CURRENT_PROJECT_VERSION = 6;
				DEFINES_MODULE = YES;
				DYLIB_COMPATIBILITY_VERSION = 1;
				DYLIB_CURRENT_VERSION = 6;
				DYLIB_INSTALL_NAME_BASE = "@rpath";
				HEADER_SEARCH_PATHS = (
					"$(inherited)",
					"\"${PODS_ROOT}/Headers/Public\"",
					"\"${PODS_ROOT}/Headers/Public/AFNetworking\"",
					"\"${PODS_ROOT}/Headers/Public/JSONModel\"",
				);
				INFOPLIST_FILE = VelocidiSDK/Info.plist;
				INSTALL_PATH = "$(LOCAL_LIBRARY_DIR)/Frameworks";
				LD_RUNPATH_SEARCH_PATHS = "$(inherited) @executable_path/Frameworks @loader_path/Frameworks";
				PRODUCT_BUNDLE_IDENTIFIER = com.velocidi.VelocidiSDK;
				PRODUCT_NAME = "$(TARGET_NAME:c99extidentifier)";
				SKIP_INSTALL = YES;
				TARGETED_DEVICE_FAMILY = "1,2";
			};
			name = Release;
		};
		B1432A29EBC1F2F0CEF4072D /* Release */ = {
			isa = XCBuildConfiguration;
			buildSettings = {
				ALWAYS_EMBED_SWIFT_STANDARD_LIBRARIES = NO;
				ALWAYS_SEARCH_USER_PATHS = NO;
				CLANG_ANALYZER_LOCALIZABILITY_NONLOCALIZED = YES;
				CLANG_ANALYZER_NONNULL = YES;
				CLANG_ANALYZER_NUMBER_OBJECT_CONVERSION = YES_AGGRESSIVE;
				CLANG_CXX_LANGUAGE_STANDARD = "gnu++14";
				CLANG_CXX_LIBRARY = "libc++";
				CLANG_ENABLE_MODULES = YES;
				CLANG_ENABLE_OBJC_ARC = YES;
				CLANG_ENABLE_OBJC_WEAK = YES;
				CLANG_WARN_BLOCK_CAPTURE_AUTORELEASING = YES;
				CLANG_WARN_BOOL_CONVERSION = YES;
				CLANG_WARN_COMMA = YES;
				CLANG_WARN_CONSTANT_CONVERSION = YES;
				CLANG_WARN_DEPRECATED_OBJC_IMPLEMENTATIONS = YES;
				CLANG_WARN_DIRECT_OBJC_ISA_USAGE = YES_ERROR;
				CLANG_WARN_DOCUMENTATION_COMMENTS = YES;
				CLANG_WARN_EMPTY_BODY = YES;
				CLANG_WARN_ENUM_CONVERSION = YES;
				CLANG_WARN_INFINITE_RECURSION = YES;
				CLANG_WARN_INT_CONVERSION = YES;
				CLANG_WARN_NON_LITERAL_NULL_CONVERSION = YES;
				CLANG_WARN_OBJC_IMPLICIT_RETAIN_SELF = YES;
				CLANG_WARN_OBJC_LITERAL_CONVERSION = YES;
				CLANG_WARN_OBJC_ROOT_CLASS = YES_ERROR;
				CLANG_WARN_RANGE_LOOP_ANALYSIS = YES;
				CLANG_WARN_STRICT_PROTOTYPES = YES;
				CLANG_WARN_SUSPICIOUS_MOVE = YES;
				CLANG_WARN_UNGUARDED_AVAILABILITY = YES_AGGRESSIVE;
				CLANG_WARN_UNREACHABLE_CODE = YES;
				CLANG_WARN__DUPLICATE_METHOD_MATCH = YES;
				CODE_SIGN_IDENTITY = "iPhone Developer";
				COPY_PHASE_STRIP = NO;
				CURRENT_PROJECT_VERSION = 6;
				DEBUG_INFORMATION_FORMAT = "dwarf-with-dsym";
				ENABLE_NS_ASSERTIONS = NO;
				ENABLE_STRICT_OBJC_MSGSEND = YES;
				GCC_C_LANGUAGE_STANDARD = gnu11;
				GCC_NO_COMMON_BLOCKS = YES;
				GCC_WARN_64_TO_32_BIT_CONVERSION = YES;
				GCC_WARN_ABOUT_RETURN_TYPE = YES_ERROR;
				GCC_WARN_UNDECLARED_SELECTOR = YES;
				GCC_WARN_UNINITIALIZED_AUTOS = YES_AGGRESSIVE;
				GCC_WARN_UNUSED_FUNCTION = YES;
				GCC_WARN_UNUSED_VARIABLE = YES;
				IPHONEOS_DEPLOYMENT_TARGET = 11.0;
				MTL_ENABLE_DEBUG_INFO = NO;
				MTL_FAST_MATH = YES;
				SDKROOT = iphoneos;
				SWIFT_COMPILATION_MODE = wholemodule;
				VALIDATE_PRODUCT = YES;
				VERSIONING_SYSTEM = "apple-generic";
				VERSION_INFO_PREFIX = "";
			};
			name = Release;
		};
		B1432E88D896105ED4678365 /* Release */ = {
			isa = XCBuildConfiguration;
			baseConfigurationReference = 8760DEC6DFA8A5D3AB955203 /* Pods-VelocidiSDK-VelocidiSDKTests.release.xcconfig */;
			buildSettings = {
				CLANG_ENABLE_MODULES = YES;
				INFOPLIST_FILE = VelocidiSDKTests/Info.plist;
				LD_RUNPATH_SEARCH_PATHS = "$(inherited) @executable_path/Frameworks @loader_path/Frameworks";
				ONLY_ACTIVE_ARCH = YES;
				PRODUCT_BUNDLE_IDENTIFIER = com.velocidi.VelocidiSDKTests;
				PRODUCT_NAME = "$(TARGET_NAME)";
				SWIFT_OBJC_BRIDGING_HEADER = "";
				SWIFT_VERSION = 4.2;
				TARGETED_DEVICE_FAMILY = "1,2";
				USER_HEADER_SEARCH_PATHS = "\"${PROJECT_DIR}/../Pods\"/**";
			};
			name = Release;
		};
		B1432F11A4A499475853C5E1 /* Debug */ = {
			isa = XCBuildConfiguration;
			baseConfigurationReference = DAB29D361245AB553014CD66 /* Pods-VelocidiSDK.debug.xcconfig */;
			buildSettings = {
				CLANG_ALLOW_NON_MODULAR_INCLUDES_IN_FRAMEWORK_MODULES = YES;
				CODE_SIGN_IDENTITY = "";
				CURRENT_PROJECT_VERSION = 6;
				DEFINES_MODULE = YES;
				DYLIB_COMPATIBILITY_VERSION = 1;
				DYLIB_CURRENT_VERSION = 6;
				DYLIB_INSTALL_NAME_BASE = "@rpath";
				HEADER_SEARCH_PATHS = (
					"$(inherited)",
					"\"${PODS_ROOT}/Headers/Public\"",
					"\"${PODS_ROOT}/Headers/Public/AFNetworking\"",
					"\"${PODS_ROOT}/Headers/Public/JSONModel\"",
				);
				INFOPLIST_FILE = VelocidiSDK/Info.plist;
				INSTALL_PATH = "$(LOCAL_LIBRARY_DIR)/Frameworks";
				LD_RUNPATH_SEARCH_PATHS = "$(inherited) @executable_path/Frameworks @loader_path/Frameworks";
				"MODULEMAP_FILE[sdk=*]" = VelocidiSDK/VelocidiSDK.modulemap;
				PRODUCT_BUNDLE_IDENTIFIER = com.velocidi.VelocidiSDK;
				PRODUCT_NAME = "$(TARGET_NAME:c99extidentifier)";
				SKIP_INSTALL = YES;
				TARGETED_DEVICE_FAMILY = "1,2";
			};
			name = Debug;
		};
		B1432F8815ECF7FBA97C2F22 /* Debug */ = {
			isa = XCBuildConfiguration;
			baseConfigurationReference = 0E2C4799C0C925EDCE50E8A1 /* Pods-VelocidiSDK-VelocidiSDKTests.debug.xcconfig */;
			buildSettings = {
				CLANG_ENABLE_MODULES = YES;
				INFOPLIST_FILE = VelocidiSDKTests/Info.plist;
				LD_RUNPATH_SEARCH_PATHS = "$(inherited) @executable_path/Frameworks @loader_path/Frameworks";
				ONLY_ACTIVE_ARCH = YES;
				PRODUCT_BUNDLE_IDENTIFIER = com.velocidi.VelocidiSDKTests;
				PRODUCT_NAME = "$(TARGET_NAME)";
				SWIFT_OBJC_BRIDGING_HEADER = "";
				SWIFT_OPTIMIZATION_LEVEL = "-Onone";
				SWIFT_VERSION = 4.2;
				TARGETED_DEVICE_FAMILY = "1,2";
				USER_HEADER_SEARCH_PATHS = "\"${PROJECT_DIR}/../Pods\"/**";
			};
			name = Debug;
		};
/* End XCBuildConfiguration section */

/* Begin XCConfigurationList section */
		30F984A722771915006DF6C4 /* Build configuration list for PBXAggregateTarget "OCLint" */ = {
			isa = XCConfigurationList;
			buildConfigurations = (
				30F984A822771915006DF6C4 /* Debug */,
				30F984A922771915006DF6C4 /* Release */,
			);
			defaultConfigurationIsVisible = 0;
			defaultConfigurationName = Release;
		};
		B14321AEACC8498634595391 /* Build configuration list for PBXNativeTarget "VelocidiSDK" */ = {
			isa = XCConfigurationList;
			buildConfigurations = (
				B1432F11A4A499475853C5E1 /* Debug */,
				B14329E9384201E0F2634BE0 /* Release */,
			);
			defaultConfigurationIsVisible = 0;
			defaultConfigurationName = Release;
		};
		B1432565B49FC51CB93CE2CA /* Build configuration list for PBXProject "VelocidiSDK" */ = {
			isa = XCConfigurationList;
			buildConfigurations = (
				B1432330C482CDAB8075465E /* Debug */,
				B1432A29EBC1F2F0CEF4072D /* Release */,
			);
			defaultConfigurationIsVisible = 0;
			defaultConfigurationName = Release;
		};
		B14329717D59F14F31730097 /* Build configuration list for PBXNativeTarget "VelocidiSDKTests" */ = {
			isa = XCConfigurationList;
			buildConfigurations = (
				B1432F8815ECF7FBA97C2F22 /* Debug */,
				B1432E88D896105ED4678365 /* Release */,
			);
			defaultConfigurationIsVisible = 0;
			defaultConfigurationName = Release;
		};
/* End XCConfigurationList section */
	};
	rootObject = B1432F00AD7B6C09098AD9A4 /* Project object */;
}
